
Microsoft Visual Studio Solution File, Format Version 12.00
# Visual Studio Version 16
VisualStudioVersion = 16.0.31702.278
MinimumVisualStudioVersion = 10.0.40219.1
Project("{FAE04EC0-301F-11D3-BF4B-00C04F79EFBC}") = "prueba-dictionaries", "prueba-dictionaries\prueba-dictionaries.csproj", "{A59DFE27-27D3-4760-B601-94616296796B}"
EndProject
Global
	GlobalSection(SolutionConfigurationPlatforms) = preSolution
		Debug|Any CPU = Debug|Any CPU
		Release|Any CPU = Release|Any CPU
	EndGlobalSection
	GlobalSection(ProjectConfigurationPlatforms) = postSolution
		{A59DFE27-27D3-4760-B601-94616296796B}.Debug|Any CPU.ActiveCfg = Debug|Any CPU
		{A59DFE27-27D3-4760-B601-94616296796B}.Debug|Any CPU.Build.0 = Debug|Any CPU
		{A59DFE27-27D3-4760-B601-94616296796B}.Release|Any CPU.ActiveCfg = Release|Any CPU
		{A59DFE27-27D3-4760-B601-94616296796B}.Release|Any CPU.Build.0 = Release|Any CPU
	EndGlobalSection
	GlobalSection(SolutionProperties) = preSolution
		HideSolutionNode = FALSE
	EndGlobalSection
	GlobalSection(ExtensibilityGlobals) = postSolution
		SolutionGuid = {72592B28-0D7D-4577-99E8-7239242A5C12}
	EndGlobalSection
EndGlobal
